
Microsoft Visual Studio Solution File, Format Version 12.00
# Visual Studio Version 17
VisualStudioVersion = 17.0.31919.166
MinimumVisualStudioVersion = 10.0.40219.1
Project("{FAE04EC0-301F-11D3-BF4B-00C04F79EFBC}") = "UC11_AGENDA", "UC11_AGENDA\UC11_AGENDA.csproj", "{72DE0623-A168-4A83-B50D-A36928C8C3A9}"
EndProject
Global
	GlobalSection(SolutionConfigurationPlatforms) = preSolution
		Debug|Any CPU = Debug|Any CPU
		Release|Any CPU = Release|Any CPU
	EndGlobalSection
	GlobalSection(ProjectConfigurationPlatforms) = postSolution
		{72DE0623-A168-4A83-B50D-A36928C8C3A9}.Debug|Any CPU.ActiveCfg = Debug|Any CPU
		{72DE0623-A168-4A83-B50D-A36928C8C3A9}.Debug|Any CPU.Build.0 = Debug|Any CPU
		{72DE0623-A168-4A83-B50D-A36928C8C3A9}.Release|Any CPU.ActiveCfg = Release|Any CPU
		{72DE0623-A168-4A83-B50D-A36928C8C3A9}.Release|Any CPU.Build.0 = Release|Any CPU
	EndGlobalSection
	GlobalSection(SolutionProperties) = preSolution
		HideSolutionNode = FALSE
	EndGlobalSection
	GlobalSection(ExtensibilityGlobals) = postSolution
		SolutionGuid = {5E66CBFD-1C24-4C23-B869-3A786BCCC427}
	EndGlobalSection
EndGlobal
